
Microsoft Visual Studio Solution File, Format Version 12.00
# Visual Studio Version 17
VisualStudioVersion = 17.0.31903.59
MinimumVisualStudioVersion = 10.0.40219.1
Project("{2150E333-8FDC-42A3-9474-1A3956D46DE8}") = "src", "src", "{827E0CD3-B72D-47B6-A68D-7590B98EB39B}"
EndProject
Project("{2150E333-8FDC-42A3-9474-1A3956D46DE8}") = "SharedKernel", "SharedKernel", "{85F909CB-8F14-ECC8-BA9D-713D1771907F}"
EndProject
Project("{FAE04EC0-301F-11D3-BF4B-00C04F79EFBC}") = "SharedKernel.Domain", "src\SharedKernel\SharedKernel.Domain\SharedKernel.Domain.csproj", "{D92F1629-1194-4402-9868-BC8DB73CD12C}"
EndProject
Project("{FAE04EC0-301F-11D3-BF4B-00C04F79EFBC}") = "SharedKernel.Infrastructure", "src\SharedKernel\SharedKernel.Infrastructure\SharedKernel.Infrastructure.csproj", "{BD7A73D0-F65B-42C5-A224-034A558B1932}"
EndProject
Project("{2150E333-8FDC-42A3-9474-1A3956D46DE8}") = "ProductService", "ProductService", "{F34E43FA-627A-8966-7BCB-0DBE3D5440B1}"
EndProject
Project("{FAE04EC0-301F-11D3-BF4B-00C04F79EFBC}") = "ProductService.Domain", "src\ProductService\ProductService.Domain\ProductService.Domain.csproj", "{69C065F6-77FB-499C-B2EE-4B83928DF821}"
EndProject
Project("{FAE04EC0-301F-11D3-BF4B-00C04F79EFBC}") = "ProductService.Application", "src\ProductService\ProductService.Application\ProductService.Application.csproj", "{10F4B2B7-390B-4CC7-861D-2117B27233C6}"
EndProject
Project("{FAE04EC0-301F-11D3-BF4B-00C04F79EFBC}") = "ProductService.Infrastructure", "src\ProductService\ProductService.Infrastructure\ProductService.Infrastructure.csproj", "{7D09A545-F694-4DE0-8167-085D45924B4D}"
EndProject
Project("{FAE04EC0-301F-11D3-BF4B-00C04F79EFBC}") = "ProductService.Api", "src\ProductService\ProductService.Api\ProductService.Api.csproj", "{61F4B32B-9636-40FA-82E6-026523B24E8B}"
EndProject
Project("{2150E333-8FDC-42A3-9474-1A3956D46DE8}") = "PaymentService", "PaymentService", "{A0C94347-73E4-1EE9-412B-13A38E3B0A6F}"
EndProject
Project("{FAE04EC0-301F-11D3-BF4B-00C04F79EFBC}") = "PaymentService.Domain", "src\PaymentService\PaymentService.Domain\PaymentService.Domain.csproj", "{F4D4A820-6B01-495B-AA01-7A94467BD788}"
EndProject
Project("{FAE04EC0-301F-11D3-BF4B-00C04F79EFBC}") = "PaymentService.Application", "src\PaymentService\PaymentService.Application\PaymentService.Application.csproj", "{69CE104B-B24E-4553-AF41-69E024F3DCB1}"
EndProject
Project("{FAE04EC0-301F-11D3-BF4B-00C04F79EFBC}") = "PaymentService.Infrastructure", "src\PaymentService\PaymentService.Infrastructure\PaymentService.Infrastructure.csproj", "{93B69E75-22FF-4961-8EFD-78FD1A97AF76}"
EndProject
Project("{FAE04EC0-301F-11D3-BF4B-00C04F79EFBC}") = "PaymentService.Api", "src\PaymentService\PaymentService.Api\PaymentService.Api.csproj", "{767FEC51-6587-4E8D-A9B3-5290E928A43D}"
EndProject
Project("{2150E333-8FDC-42A3-9474-1A3956D46DE8}") = "InventoryService", "InventoryService", "{5C8FFA71-ABED-225F-EBAA-B00A0796978F}"
EndProject
Project("{FAE04EC0-301F-11D3-BF4B-00C04F79EFBC}") = "InventoryService.Domain", "src\InventoryService\InventoryService.Domain\InventoryService.Domain.csproj", "{71A34F92-1AFA-4A9B-8179-050956AEF964}"
EndProject
Project("{FAE04EC0-301F-11D3-BF4B-00C04F79EFBC}") = "InventoryService.Application", "src\InventoryService\InventoryService.Application\InventoryService.Application.csproj", "{6EB89F11-D488-48C2-8F37-8285D12DA6E4}"
EndProject
Project("{FAE04EC0-301F-11D3-BF4B-00C04F79EFBC}") = "InventoryService.Infrastructure", "src\InventoryService\InventoryService.Infrastructure\InventoryService.Infrastructure.csproj", "{B618EC0D-1A04-49D4-B29A-A91C35D7E7AA}"
EndProject
Project("{FAE04EC0-301F-11D3-BF4B-00C04F79EFBC}") = "InventoryService.Api", "src\InventoryService\InventoryService.Api\InventoryService.Api.csproj", "{D1F22E60-E5F5-488C-B9DD-BA0E6B41707E}"
EndProject
Project("{2150E333-8FDC-42A3-9474-1A3956D46DE8}") = "tests", "tests", "{0AB3BF05-4346-4AA6-1389-037BE0695223}"
EndProject
Project("{FAE04EC0-301F-11D3-BF4B-00C04F79EFBC}") = "TestInfrastructure", "tests\TestInfrastructure\TestInfrastructure.csproj", "{16F2D6ED-478B-4AAE-8DD1-FA3FBB7E8377}"
EndProject
Project("{FAE04EC0-301F-11D3-BF4B-00C04F79EFBC}") = "SharedKernel.Tests", "tests\SharedKernel.Tests\SharedKernel.Tests.csproj", "{FDF206EF-F27E-49E6-ABA3-039E90C9E49E}"
EndProject
Project("{FAE04EC0-301F-11D3-BF4B-00C04F79EFBC}") = "ProductService.Domain.Tests", "tests\ProductService.Domain.Tests\ProductService.Domain.Tests.csproj", "{88996302-B03A-4438-BF5B-42CC719234D2}"
EndProject
Project("{FAE04EC0-301F-11D3-BF4B-00C04F79EFBC}") = "PaymentService.Domain.Tests", "tests\PaymentService.Domain.Tests\PaymentService.Domain.Tests.csproj", "{B68D6CE0-AC00-43F9-A7A3-B2E408374C76}"
EndProject
Project("{FAE04EC0-301F-11D3-BF4B-00C04F79EFBC}") = "InventoryService.Domain.Tests", "tests\InventoryService.Domain.Tests\InventoryService.Domain.Tests.csproj", "{FAD2FE8B-1EBF-4965-B3BA-216F1DFCE7DC}"
EndProject
Project("{FAE04EC0-301F-11D3-BF4B-00C04F79EFBC}") = "ProductService.Infrastructure.Tests", "tests\ProductService.Infrastructure.Tests\ProductService.Infrastructure.Tests.csproj", "{F4430784-04D8-4874-83C2-E66685D41874}"
EndProject
Project("{FAE04EC0-301F-11D3-BF4B-00C04F79EFBC}") = "PaymentService.Infrastructure.Tests", "tests\PaymentService.Infrastructure.Tests\PaymentService.Infrastructure.Tests.csproj", "{5F5D88A9-47DD-41F2-AE48-6F6F0BA88397}"
EndProject
Project("{FAE04EC0-301F-11D3-BF4B-00C04F79EFBC}") = "InventoryService.Infrastructure.Tests", "tests\InventoryService.Infrastructure.Tests\InventoryService.Infrastructure.Tests.csproj", "{C910C22D-12E6-4189-BC57-903D261B2C9D}"
EndProject
Project("{FAE04EC0-301F-11D3-BF4B-00C04F79EFBC}") = "Architecture.Tests", "tests\Architecture.Tests\Architecture.Tests.csproj", "{E3145AF0-98AC-4E56-9FC4-96E1F8584A26}"
EndProject
Project("{FAE04EC0-301F-11D3-BF4B-00C04F79EFBC}") = "ProductService.Application.Tests", "tests\ProductService.Application.Tests\ProductService.Application.Tests.csproj", "{A55D938B-6A11-4F32-AC7C-A7047870F7B2}"
EndProject
Project("{FAE04EC0-301F-11D3-BF4B-00C04F79EFBC}") = "EndToEnd.Tests", "tests\EndToEnd.Tests\EndToEnd.Tests.csproj", "{D48F02E3-6E44-4ED4-A9E7-B7F7EF59D6F1}"
EndProject
Project("{FAE04EC0-301F-11D3-BF4B-00C04F79EFBC}") = "BDD.Tests", "tests\BDD.Tests\BDD.Tests.csproj", "{9035E791-B77A-460E-85B3-D5BF3999D1ED}"
EndProject
Project("{FAE04EC0-301F-11D3-BF4B-00C04F79EFBC}") = "ProductService.Api.Tests", "tests\ProductService.Api.Tests\ProductService.Api.Tests.csproj", "{BD1530FC-CDBC-4916-A62E-46C2698400AC}"
EndProject
Project("{FAE04EC0-301F-11D3-BF4B-00C04F79EFBC}") = "Contracts", "tests\Contracts\Contracts.csproj", "{32EF8EC8-F808-4A53-96BB-8A9414962984}"
EndProject
Global
	GlobalSection(SolutionConfigurationPlatforms) = preSolution
		Debug|Any CPU = Debug|Any CPU
		Debug|x64 = Debug|x64
		Debug|x86 = Debug|x86
		Release|Any CPU = Release|Any CPU
		Release|x64 = Release|x64
		Release|x86 = Release|x86
	EndGlobalSection
	GlobalSection(ProjectConfigurationPlatforms) = postSolution
		{D92F1629-1194-4402-9868-BC8DB73CD12C}.Debug|Any CPU.ActiveCfg = Debug|Any CPU
		{D92F1629-1194-4402-9868-BC8DB73CD12C}.Debug|Any CPU.Build.0 = Debug|Any CPU
		{D92F1629-1194-4402-9868-BC8DB73CD12C}.Debug|x64.ActiveCfg = Debug|Any CPU
		{D92F1629-1194-4402-9868-BC8DB73CD12C}.Debug|x64.Build.0 = Debug|Any CPU
		{D92F1629-1194-4402-9868-BC8DB73CD12C}.Debug|x86.ActiveCfg = Debug|Any CPU
		{D92F1629-1194-4402-9868-BC8DB73CD12C}.Debug|x86.Build.0 = Debug|Any CPU
		{D92F1629-1194-4402-9868-BC8DB73CD12C}.Release|Any CPU.ActiveCfg = Release|Any CPU
		{D92F1629-1194-4402-9868-BC8DB73CD12C}.Release|Any CPU.Build.0 = Release|Any CPU
		{D92F1629-1194-4402-9868-BC8DB73CD12C}.Release|x64.ActiveCfg = Release|Any CPU
		{D92F1629-1194-4402-9868-BC8DB73CD12C}.Release|x64.Build.0 = Release|Any CPU
		{D92F1629-1194-4402-9868-BC8DB73CD12C}.Release|x86.ActiveCfg = Release|Any CPU
		{D92F1629-1194-4402-9868-BC8DB73CD12C}.Release|x86.Build.0 = Release|Any CPU
		{BD7A73D0-F65B-42C5-A224-034A558B1932}.Debug|Any CPU.ActiveCfg = Debug|Any CPU
		{BD7A73D0-F65B-42C5-A224-034A558B1932}.Debug|Any CPU.Build.0 = Debug|Any CPU
		{BD7A73D0-F65B-42C5-A224-034A558B1932}.Debug|x64.ActiveCfg = Debug|Any CPU
		{BD7A73D0-F65B-42C5-A224-034A558B1932}.Debug|x64.Build.0 = Debug|Any CPU
		{BD7A73D0-F65B-42C5-A224-034A558B1932}.Debug|x86.ActiveCfg = Debug|Any CPU
		{BD7A73D0-F65B-42C5-A224-034A558B1932}.Debug|x86.Build.0 = Debug|Any CPU
		{BD7A73D0-F65B-42C5-A224-034A558B1932}.Release|Any CPU.ActiveCfg = Release|Any CPU
		{BD7A73D0-F65B-42C5-A224-034A558B1932}.Release|Any CPU.Build.0 = Release|Any CPU
		{BD7A73D0-F65B-42C5-A224-034A558B1932}.Release|x64.ActiveCfg = Release|Any CPU
		{BD7A73D0-F65B-42C5-A224-034A558B1932}.Release|x64.Build.0 = Release|Any CPU
		{BD7A73D0-F65B-42C5-A224-034A558B1932}.Release|x86.ActiveCfg = Release|Any CPU
		{BD7A73D0-F65B-42C5-A224-034A558B1932}.Release|x86.Build.0 = Release|Any CPU
		{69C065F6-77FB-499C-B2EE-4B83928DF821}.Debug|Any CPU.ActiveCfg = Debug|Any CPU
		{69C065F6-77FB-499C-B2EE-4B83928DF821}.Debug|Any CPU.Build.0 = Debug|Any CPU
		{69C065F6-77FB-499C-B2EE-4B83928DF821}.Debug|x64.ActiveCfg = Debug|Any CPU
		{69C065F6-77FB-499C-B2EE-4B83928DF821}.Debug|x64.Build.0 = Debug|Any CPU
		{69C065F6-77FB-499C-B2EE-4B83928DF821}.Debug|x86.ActiveCfg = Debug|Any CPU
		{69C065F6-77FB-499C-B2EE-4B83928DF821}.Debug|x86.Build.0 = Debug|Any CPU
		{69C065F6-77FB-499C-B2EE-4B83928DF821}.Release|Any CPU.ActiveCfg = Release|Any CPU
		{69C065F6-77FB-499C-B2EE-4B83928DF821}.Release|Any CPU.Build.0 = Release|Any CPU
		{69C065F6-77FB-499C-B2EE-4B83928DF821}.Release|x64.ActiveCfg = Release|Any CPU
		{69C065F6-77FB-499C-B2EE-4B83928DF821}.Release|x64.Build.0 = Release|Any CPU
		{69C065F6-77FB-499C-B2EE-4B83928DF821}.Release|x86.ActiveCfg = Release|Any CPU
		{69C065F6-77FB-499C-B2EE-4B83928DF821}.Release|x86.Build.0 = Release|Any CPU
		{10F4B2B7-390B-4CC7-861D-2117B27233C6}.Debug|Any CPU.ActiveCfg = Debug|Any CPU
		{10F4B2B7-390B-4CC7-861D-2117B27233C6}.Debug|Any CPU.Build.0 = Debug|Any CPU
		{10F4B2B7-390B-4CC7-861D-2117B27233C6}.Debug|x64.ActiveCfg = Debug|Any CPU
		{10F4B2B7-390B-4CC7-861D-2117B27233C6}.Debug|x64.Build.0 = Debug|Any CPU
		{10F4B2B7-390B-4CC7-861D-2117B27233C6}.Debug|x86.ActiveCfg = Debug|Any CPU
		{10F4B2B7-390B-4CC7-861D-2117B27233C6}.Debug|x86.Build.0 = Debug|Any CPU
		{10F4B2B7-390B-4CC7-861D-2117B27233C6}.Release|Any CPU.ActiveCfg = Release|Any CPU
		{10F4B2B7-390B-4CC7-861D-2117B27233C6}.Release|Any CPU.Build.0 = Release|Any CPU
		{10F4B2B7-390B-4CC7-861D-2117B27233C6}.Release|x64.ActiveCfg = Release|Any CPU
		{10F4B2B7-390B-4CC7-861D-2117B27233C6}.Release|x64.Build.0 = Release|Any CPU
		{10F4B2B7-390B-4CC7-861D-2117B27233C6}.Release|x86.ActiveCfg = Release|Any CPU
		{10F4B2B7-390B-4CC7-861D-2117B27233C6}.Release|x86.Build.0 = Release|Any CPU
		{7D09A545-F694-4DE0-8167-085D45924B4D}.Debug|Any CPU.ActiveCfg = Debug|Any CPU
		{7D09A545-F694-4DE0-8167-085D45924B4D}.Debug|Any CPU.Build.0 = Debug|Any CPU
		{7D09A545-F694-4DE0-8167-085D45924B4D}.Debug|x64.ActiveCfg = Debug|Any CPU
		{7D09A545-F694-4DE0-8167-085D45924B4D}.Debug|x64.Build.0 = Debug|Any CPU
		{7D09A545-F694-4DE0-8167-085D45924B4D}.Debug|x86.ActiveCfg = Debug|Any CPU
		{7D09A545-F694-4DE0-8167-085D45924B4D}.Debug|x86.Build.0 = Debug|Any CPU
		{7D09A545-F694-4DE0-8167-085D45924B4D}.Release|Any CPU.ActiveCfg = Release|Any CPU
		{7D09A545-F694-4DE0-8167-085D45924B4D}.Release|Any CPU.Build.0 = Release|Any CPU
		{7D09A545-F694-4DE0-8167-085D45924B4D}.Release|x64.ActiveCfg = Release|Any CPU
		{7D09A545-F694-4DE0-8167-085D45924B4D}.Release|x64.Build.0 = Release|Any CPU
		{7D09A545-F694-4DE0-8167-085D45924B4D}.Release|x86.ActiveCfg = Release|Any CPU
		{7D09A545-F694-4DE0-8167-085D45924B4D}.Release|x86.Build.0 = Release|Any CPU
		{61F4B32B-9636-40FA-82E6-026523B24E8B}.Debug|Any CPU.ActiveCfg = Debug|Any CPU
		{61F4B32B-9636-40FA-82E6-026523B24E8B}.Debug|Any CPU.Build.0 = Debug|Any CPU
		{61F4B32B-9636-40FA-82E6-026523B24E8B}.Debug|x64.ActiveCfg = Debug|Any CPU
		{61F4B32B-9636-40FA-82E6-026523B24E8B}.Debug|x64.Build.0 = Debug|Any CPU
		{61F4B32B-9636-40FA-82E6-026523B24E8B}.Debug|x86.ActiveCfg = Debug|Any CPU
		{61F4B32B-9636-40FA-82E6-026523B24E8B}.Debug|x86.Build.0 = Debug|Any CPU
		{61F4B32B-9636-40FA-82E6-026523B24E8B}.Release|Any CPU.ActiveCfg = Release|Any CPU
		{61F4B32B-9636-40FA-82E6-026523B24E8B}.Release|Any CPU.Build.0 = Release|Any CPU
		{61F4B32B-9636-40FA-82E6-026523B24E8B}.Release|x64.ActiveCfg = Release|Any CPU
		{61F4B32B-9636-40FA-82E6-026523B24E8B}.Release|x64.Build.0 = Release|Any CPU
		{61F4B32B-9636-40FA-82E6-026523B24E8B}.Release|x86.ActiveCfg = Release|Any CPU
		{61F4B32B-9636-40FA-82E6-026523B24E8B}.Release|x86.Build.0 = Release|Any CPU
		{F4D4A820-6B01-495B-AA01-7A94467BD788}.Debug|Any CPU.ActiveCfg = Debug|Any CPU
		{F4D4A820-6B01-495B-AA01-7A94467BD788}.Debug|Any CPU.Build.0 = Debug|Any CPU
		{F4D4A820-6B01-495B-AA01-7A94467BD788}.Debug|x64.ActiveCfg = Debug|Any CPU
		{F4D4A820-6B01-495B-AA01-7A94467BD788}.Debug|x64.Build.0 = Debug|Any CPU
		{F4D4A820-6B01-495B-AA01-7A94467BD788}.Debug|x86.ActiveCfg = Debug|Any CPU
		{F4D4A820-6B01-495B-AA01-7A94467BD788}.Debug|x86.Build.0 = Debug|Any CPU
		{F4D4A820-6B01-495B-AA01-7A94467BD788}.Release|Any CPU.ActiveCfg = Release|Any CPU
		{F4D4A820-6B01-495B-AA01-7A94467BD788}.Release|Any CPU.Build.0 = Release|Any CPU
		{F4D4A820-6B01-495B-AA01-7A94467BD788}.Release|x64.ActiveCfg = Release|Any CPU
		{F4D4A820-6B01-495B-AA01-7A94467BD788}.Release|x64.Build.0 = Release|Any CPU
		{F4D4A820-6B01-495B-AA01-7A94467BD788}.Release|x86.ActiveCfg = Release|Any CPU
		{F4D4A820-6B01-495B-AA01-7A94467BD788}.Release|x86.Build.0 = Release|Any CPU
		{69CE104B-B24E-4553-AF41-69E024F3DCB1}.Debug|Any CPU.ActiveCfg = Debug|Any CPU
		{69CE104B-B24E-4553-AF41-69E024F3DCB1}.Debug|Any CPU.Build.0 = Debug|Any CPU
		{69CE104B-B24E-4553-AF41-69E024F3DCB1}.Debug|x64.ActiveCfg = Debug|Any CPU
		{69CE104B-B24E-4553-AF41-69E024F3DCB1}.Debug|x64.Build.0 = Debug|Any CPU
		{69CE104B-B24E-4553-AF41-69E024F3DCB1}.Debug|x86.ActiveCfg = Debug|Any CPU
		{69CE104B-B24E-4553-AF41-69E024F3DCB1}.Debug|x86.Build.0 = Debug|Any CPU
		{69CE104B-B24E-4553-AF41-69E024F3DCB1}.Release|Any CPU.ActiveCfg = Release|Any CPU
		{69CE104B-B24E-4553-AF41-69E024F3DCB1}.Release|Any CPU.Build.0 = Release|Any CPU
		{69CE104B-B24E-4553-AF41-69E024F3DCB1}.Release|x64.ActiveCfg = Release|Any CPU
		{69CE104B-B24E-4553-AF41-69E024F3DCB1}.Release|x64.Build.0 = Release|Any CPU
		{69CE104B-B24E-4553-AF41-69E024F3DCB1}.Release|x86.ActiveCfg = Release|Any CPU
		{69CE104B-B24E-4553-AF41-69E024F3DCB1}.Release|x86.Build.0 = Release|Any CPU
		{93B69E75-22FF-4961-8EFD-78FD1A97AF76}.Debug|Any CPU.ActiveCfg = Debug|Any CPU
		{93B69E75-22FF-4961-8EFD-78FD1A97AF76}.Debug|Any CPU.Build.0 = Debug|Any CPU
		{93B69E75-22FF-4961-8EFD-78FD1A97AF76}.Debug|x64.ActiveCfg = Debug|Any CPU
		{93B69E75-22FF-4961-8EFD-78FD1A97AF76}.Debug|x64.Build.0 = Debug|Any CPU
		{93B69E75-22FF-4961-8EFD-78FD1A97AF76}.Debug|x86.ActiveCfg = Debug|Any CPU
		{93B69E75-22FF-4961-8EFD-78FD1A97AF76}.Debug|x86.Build.0 = Debug|Any CPU
		{93B69E75-22FF-4961-8EFD-78FD1A97AF76}.Release|Any CPU.ActiveCfg = Release|Any CPU
		{93B69E75-22FF-4961-8EFD-78FD1A97AF76}.Release|Any CPU.Build.0 = Release|Any CPU
		{93B69E75-22FF-4961-8EFD-78FD1A97AF76}.Release|x64.ActiveCfg = Release|Any CPU
		{93B69E75-22FF-4961-8EFD-78FD1A97AF76}.Release|x64.Build.0 = Release|Any CPU
		{93B69E75-22FF-4961-8EFD-78FD1A97AF76}.Release|x86.ActiveCfg = Release|Any CPU
		{93B69E75-22FF-4961-8EFD-78FD1A97AF76}.Release|x86.Build.0 = Release|Any CPU
		{767FEC51-6587-4E8D-A9B3-5290E928A43D}.Debug|Any CPU.ActiveCfg = Debug|Any CPU
		{767FEC51-6587-4E8D-A9B3-5290E928A43D}.Debug|Any CPU.Build.0 = Debug|Any CPU
		{767FEC51-6587-4E8D-A9B3-5290E928A43D}.Debug|x64.ActiveCfg = Debug|Any CPU
		{767FEC51-6587-4E8D-A9B3-5290E928A43D}.Debug|x64.Build.0 = Debug|Any CPU
		{767FEC51-6587-4E8D-A9B3-5290E928A43D}.Debug|x86.ActiveCfg = Debug|Any CPU
		{767FEC51-6587-4E8D-A9B3-5290E928A43D}.Debug|x86.Build.0 = Debug|Any CPU
		{767FEC51-6587-4E8D-A9B3-5290E928A43D}.Release|Any CPU.ActiveCfg = Release|Any CPU
		{767FEC51-6587-4E8D-A9B3-5290E928A43D}.Release|Any CPU.Build.0 = Release|Any CPU
		{767FEC51-6587-4E8D-A9B3-5290E928A43D}.Release|x64.ActiveCfg = Release|Any CPU
		{767FEC51-6587-4E8D-A9B3-5290E928A43D}.Release|x64.Build.0 = Release|Any CPU
		{767FEC51-6587-4E8D-A9B3-5290E928A43D}.Release|x86.ActiveCfg = Release|Any CPU
		{767FEC51-6587-4E8D-A9B3-5290E928A43D}.Release|x86.Build.0 = Release|Any CPU
		{71A34F92-1AFA-4A9B-8179-050956AEF964}.Debug|Any CPU.ActiveCfg = Debug|Any CPU
		{71A34F92-1AFA-4A9B-8179-050956AEF964}.Debug|Any CPU.Build.0 = Debug|Any CPU
		{71A34F92-1AFA-4A9B-8179-050956AEF964}.Debug|x64.ActiveCfg = Debug|Any CPU
		{71A34F92-1AFA-4A9B-8179-050956AEF964}.Debug|x64.Build.0 = Debug|Any CPU
		{71A34F92-1AFA-4A9B-8179-050956AEF964}.Debug|x86.ActiveCfg = Debug|Any CPU
		{71A34F92-1AFA-4A9B-8179-050956AEF964}.Debug|x86.Build.0 = Debug|Any CPU
		{71A34F92-1AFA-4A9B-8179-050956AEF964}.Release|Any CPU.ActiveCfg = Release|Any CPU
		{71A34F92-1AFA-4A9B-8179-050956AEF964}.Release|Any CPU.Build.0 = Release|Any CPU
		{71A34F92-1AFA-4A9B-8179-050956AEF964}.Release|x64.ActiveCfg = Release|Any CPU
		{71A34F92-1AFA-4A9B-8179-050956AEF964}.Release|x64.Build.0 = Release|Any CPU
		{71A34F92-1AFA-4A9B-8179-050956AEF964}.Release|x86.ActiveCfg = Release|Any CPU
		{71A34F92-1AFA-4A9B-8179-050956AEF964}.Release|x86.Build.0 = Release|Any CPU
		{6EB89F11-D488-48C2-8F37-8285D12DA6E4}.Debug|Any CPU.ActiveCfg = Debug|Any CPU
		{6EB89F11-D488-48C2-8F37-8285D12DA6E4}.Debug|Any CPU.Build.0 = Debug|Any CPU
		{6EB89F11-D488-48C2-8F37-8285D12DA6E4}.Debug|x64.ActiveCfg = Debug|Any CPU
		{6EB89F11-D488-48C2-8F37-8285D12DA6E4}.Debug|x64.Build.0 = Debug|Any CPU
		{6EB89F11-D488-48C2-8F37-8285D12DA6E4}.Debug|x86.ActiveCfg = Debug|Any CPU
		{6EB89F11-D488-48C2-8F37-8285D12DA6E4}.Debug|x86.Build.0 = Debug|Any CPU
		{6EB89F11-D488-48C2-8F37-8285D12DA6E4}.Release|Any CPU.ActiveCfg = Release|Any CPU
		{6EB89F11-D488-48C2-8F37-8285D12DA6E4}.Release|Any CPU.Build.0 = Release|Any CPU
		{6EB89F11-D488-48C2-8F37-8285D12DA6E4}.Release|x64.ActiveCfg = Release|Any CPU
		{6EB89F11-D488-48C2-8F37-8285D12DA6E4}.Release|x64.Build.0 = Release|Any CPU
		{6EB89F11-D488-48C2-8F37-8285D12DA6E4}.Release|x86.ActiveCfg = Release|Any CPU
		{6EB89F11-D488-48C2-8F37-8285D12DA6E4}.Release|x86.Build.0 = Release|Any CPU
		{B618EC0D-1A04-49D4-B29A-A91C35D7E7AA}.Debug|Any CPU.ActiveCfg = Debug|Any CPU
		{B618EC0D-1A04-49D4-B29A-A91C35D7E7AA}.Debug|Any CPU.Build.0 = Debug|Any CPU
		{B618EC0D-1A04-49D4-B29A-A91C35D7E7AA}.Debug|x64.ActiveCfg = Debug|Any CPU
		{B618EC0D-1A04-49D4-B29A-A91C35D7E7AA}.Debug|x64.Build.0 = Debug|Any CPU
		{B618EC0D-1A04-49D4-B29A-A91C35D7E7AA}.Debug|x86.ActiveCfg = Debug|Any CPU
		{B618EC0D-1A04-49D4-B29A-A91C35D7E7AA}.Debug|x86.Build.0 = Debug|Any CPU
		{B618EC0D-1A04-49D4-B29A-A91C35D7E7AA}.Release|Any CPU.ActiveCfg = Release|Any CPU
		{B618EC0D-1A04-49D4-B29A-A91C35D7E7AA}.Release|Any CPU.Build.0 = Release|Any CPU
		{B618EC0D-1A04-49D4-B29A-A91C35D7E7AA}.Release|x64.ActiveCfg = Release|Any CPU
		{B618EC0D-1A04-49D4-B29A-A91C35D7E7AA}.Release|x64.Build.0 = Release|Any CPU
		{B618EC0D-1A04-49D4-B29A-A91C35D7E7AA}.Release|x86.ActiveCfg = Release|Any CPU
		{B618EC0D-1A04-49D4-B29A-A91C35D7E7AA}.Release|x86.Build.0 = Release|Any CPU
		{D1F22E60-E5F5-488C-B9DD-BA0E6B41707E}.Debug|Any CPU.ActiveCfg = Debug|Any CPU
		{D1F22E60-E5F5-488C-B9DD-BA0E6B41707E}.Debug|Any CPU.Build.0 = Debug|Any CPU
		{D1F22E60-E5F5-488C-B9DD-BA0E6B41707E}.Debug|x64.ActiveCfg = Debug|Any CPU
		{D1F22E60-E5F5-488C-B9DD-BA0E6B41707E}.Debug|x64.Build.0 = Debug|Any CPU
		{D1F22E60-E5F5-488C-B9DD-BA0E6B41707E}.Debug|x86.ActiveCfg = Debug|Any CPU
		{D1F22E60-E5F5-488C-B9DD-BA0E6B41707E}.Debug|x86.Build.0 = Debug|Any CPU
		{D1F22E60-E5F5-488C-B9DD-BA0E6B41707E}.Release|Any CPU.ActiveCfg = Release|Any CPU
		{D1F22E60-E5F5-488C-B9DD-BA0E6B41707E}.Release|Any CPU.Build.0 = Release|Any CPU
		{D1F22E60-E5F5-488C-B9DD-BA0E6B41707E}.Release|x64.ActiveCfg = Release|Any CPU
		{D1F22E60-E5F5-488C-B9DD-BA0E6B41707E}.Release|x64.Build.0 = Release|Any CPU
		{D1F22E60-E5F5-488C-B9DD-BA0E6B41707E}.Release|x86.ActiveCfg = Release|Any CPU
		{D1F22E60-E5F5-488C-B9DD-BA0E6B41707E}.Release|x86.Build.0 = Release|Any CPU
		{16F2D6ED-478B-4AAE-8DD1-FA3FBB7E8377}.Debug|Any CPU.ActiveCfg = Debug|Any CPU
		{16F2D6ED-478B-4AAE-8DD1-FA3FBB7E8377}.Debug|Any CPU.Build.0 = Debug|Any CPU
		{16F2D6ED-478B-4AAE-8DD1-FA3FBB7E8377}.Debug|x64.ActiveCfg = Debug|Any CPU
		{16F2D6ED-478B-4AAE-8DD1-FA3FBB7E8377}.Debug|x64.Build.0 = Debug|Any CPU
		{16F2D6ED-478B-4AAE-8DD1-FA3FBB7E8377}.Debug|x86.ActiveCfg = Debug|Any CPU
		{16F2D6ED-478B-4AAE-8DD1-FA3FBB7E8377}.Debug|x86.Build.0 = Debug|Any CPU
		{16F2D6ED-478B-4AAE-8DD1-FA3FBB7E8377}.Release|Any CPU.ActiveCfg = Release|Any CPU
		{16F2D6ED-478B-4AAE-8DD1-FA3FBB7E8377}.Release|Any CPU.Build.0 = Release|Any CPU
		{16F2D6ED-478B-4AAE-8DD1-FA3FBB7E8377}.Release|x64.ActiveCfg = Release|Any CPU
		{16F2D6ED-478B-4AAE-8DD1-FA3FBB7E8377}.Release|x64.Build.0 = Release|Any CPU
		{16F2D6ED-478B-4AAE-8DD1-FA3FBB7E8377}.Release|x86.ActiveCfg = Release|Any CPU
		{16F2D6ED-478B-4AAE-8DD1-FA3FBB7E8377}.Release|x86.Build.0 = Release|Any CPU
		{FDF206EF-F27E-49E6-ABA3-039E90C9E49E}.Debug|Any CPU.ActiveCfg = Debug|Any CPU
		{FDF206EF-F27E-49E6-ABA3-039E90C9E49E}.Debug|Any CPU.Build.0 = Debug|Any CPU
		{FDF206EF-F27E-49E6-ABA3-039E90C9E49E}.Debug|x64.ActiveCfg = Debug|Any CPU
		{FDF206EF-F27E-49E6-ABA3-039E90C9E49E}.Debug|x64.Build.0 = Debug|Any CPU
		{FDF206EF-F27E-49E6-ABA3-039E90C9E49E}.Debug|x86.ActiveCfg = Debug|Any CPU
		{FDF206EF-F27E-49E6-ABA3-039E90C9E49E}.Debug|x86.Build.0 = Debug|Any CPU
		{FDF206EF-F27E-49E6-ABA3-039E90C9E49E}.Release|Any CPU.ActiveCfg = Release|Any CPU
		{FDF206EF-F27E-49E6-ABA3-039E90C9E49E}.Release|Any CPU.Build.0 = Release|Any CPU
		{FDF206EF-F27E-49E6-ABA3-039E90C9E49E}.Release|x64.ActiveCfg = Release|Any CPU
		{FDF206EF-F27E-49E6-ABA3-039E90C9E49E}.Release|x64.Build.0 = Release|Any CPU
		{FDF206EF-F27E-49E6-ABA3-039E90C9E49E}.Release|x86.ActiveCfg = Release|Any CPU
		{FDF206EF-F27E-49E6-ABA3-039E90C9E49E}.Release|x86.Build.0 = Release|Any CPU
		{88996302-B03A-4438-BF5B-42CC719234D2}.Debug|Any CPU.ActiveCfg = Debug|Any CPU
		{88996302-B03A-4438-BF5B-42CC719234D2}.Debug|Any CPU.Build.0 = Debug|Any CPU
		{88996302-B03A-4438-BF5B-42CC719234D2}.Debug|x64.ActiveCfg = Debug|Any CPU
		{88996302-B03A-4438-BF5B-42CC719234D2}.Debug|x64.Build.0 = Debug|Any CPU
		{88996302-B03A-4438-BF5B-42CC719234D2}.Debug|x86.ActiveCfg = Debug|Any CPU
		{88996302-B03A-4438-BF5B-42CC719234D2}.Debug|x86.Build.0 = Debug|Any CPU
		{88996302-B03A-4438-BF5B-42CC719234D2}.Release|Any CPU.ActiveCfg = Release|Any CPU
		{88996302-B03A-4438-BF5B-42CC719234D2}.Release|Any CPU.Build.0 = Release|Any CPU
		{88996302-B03A-4438-BF5B-42CC719234D2}.Release|x64.ActiveCfg = Release|Any CPU
		{88996302-B03A-4438-BF5B-42CC719234D2}.Release|x64.Build.0 = Release|Any CPU
		{88996302-B03A-4438-BF5B-42CC719234D2}.Release|x86.ActiveCfg = Release|Any CPU
		{88996302-B03A-4438-BF5B-42CC719234D2}.Release|x86.Build.0 = Release|Any CPU
		{B68D6CE0-AC00-43F9-A7A3-B2E408374C76}.Debug|Any CPU.ActiveCfg = Debug|Any CPU
		{B68D6CE0-AC00-43F9-A7A3-B2E408374C76}.Debug|Any CPU.Build.0 = Debug|Any CPU
		{B68D6CE0-AC00-43F9-A7A3-B2E408374C76}.Debug|x64.ActiveCfg = Debug|Any CPU
		{B68D6CE0-AC00-43F9-A7A3-B2E408374C76}.Debug|x64.Build.0 = Debug|Any CPU
		{B68D6CE0-AC00-43F9-A7A3-B2E408374C76}.Debug|x86.ActiveCfg = Debug|Any CPU
		{B68D6CE0-AC00-43F9-A7A3-B2E408374C76}.Debug|x86.Build.0 = Debug|Any CPU
		{B68D6CE0-AC00-43F9-A7A3-B2E408374C76}.Release|Any CPU.ActiveCfg = Release|Any CPU
		{B68D6CE0-AC00-43F9-A7A3-B2E408374C76}.Release|Any CPU.Build.0 = Release|Any CPU
		{B68D6CE0-AC00-43F9-A7A3-B2E408374C76}.Release|x64.ActiveCfg = Release|Any CPU
		{B68D6CE0-AC00-43F9-A7A3-B2E408374C76}.Release|x64.Build.0 = Release|Any CPU
		{B68D6CE0-AC00-43F9-A7A3-B2E408374C76}.Release|x86.ActiveCfg = Release|Any CPU
		{B68D6CE0-AC00-43F9-A7A3-B2E408374C76}.Release|x86.Build.0 = Release|Any CPU
		{FAD2FE8B-1EBF-4965-B3BA-216F1DFCE7DC}.Debug|Any CPU.ActiveCfg = Debug|Any CPU
		{FAD2FE8B-1EBF-4965-B3BA-216F1DFCE7DC}.Debug|Any CPU.Build.0 = Debug|Any CPU
		{FAD2FE8B-1EBF-4965-B3BA-216F1DFCE7DC}.Debug|x64.ActiveCfg = Debug|Any CPU
		{FAD2FE8B-1EBF-4965-B3BA-216F1DFCE7DC}.Debug|x64.Build.0 = Debug|Any CPU
		{FAD2FE8B-1EBF-4965-B3BA-216F1DFCE7DC}.Debug|x86.ActiveCfg = Debug|Any CPU
		{FAD2FE8B-1EBF-4965-B3BA-216F1DFCE7DC}.Debug|x86.Build.0 = Debug|Any CPU
		{FAD2FE8B-1EBF-4965-B3BA-216F1DFCE7DC}.Release|Any CPU.ActiveCfg = Release|Any CPU
		{FAD2FE8B-1EBF-4965-B3BA-216F1DFCE7DC}.Release|Any CPU.Build.0 = Release|Any CPU
		{FAD2FE8B-1EBF-4965-B3BA-216F1DFCE7DC}.Release|x64.ActiveCfg = Release|Any CPU
		{FAD2FE8B-1EBF-4965-B3BA-216F1DFCE7DC}.Release|x64.Build.0 = Release|Any CPU
		{FAD2FE8B-1EBF-4965-B3BA-216F1DFCE7DC}.Release|x86.ActiveCfg = Release|Any CPU
		{FAD2FE8B-1EBF-4965-B3BA-216F1DFCE7DC}.Release|x86.Build.0 = Release|Any CPU
		{F4430784-04D8-4874-83C2-E66685D41874}.Debug|Any CPU.ActiveCfg = Debug|Any CPU
		{F4430784-04D8-4874-83C2-E66685D41874}.Debug|Any CPU.Build.0 = Debug|Any CPU
		{F4430784-04D8-4874-83C2-E66685D41874}.Debug|x64.ActiveCfg = Debug|Any CPU
		{F4430784-04D8-4874-83C2-E66685D41874}.Debug|x64.Build.0 = Debug|Any CPU
		{F4430784-04D8-4874-83C2-E66685D41874}.Debug|x86.ActiveCfg = Debug|Any CPU
		{F4430784-04D8-4874-83C2-E66685D41874}.Debug|x86.Build.0 = Debug|Any CPU
		{F4430784-04D8-4874-83C2-E66685D41874}.Release|Any CPU.ActiveCfg = Release|Any CPU
		{F4430784-04D8-4874-83C2-E66685D41874}.Release|Any CPU.Build.0 = Release|Any CPU
		{F4430784-04D8-4874-83C2-E66685D41874}.Release|x64.ActiveCfg = Release|Any CPU
		{F4430784-04D8-4874-83C2-E66685D41874}.Release|x64.Build.0 = Release|Any CPU
		{F4430784-04D8-4874-83C2-E66685D41874}.Release|x86.ActiveCfg = Release|Any CPU
		{F4430784-04D8-4874-83C2-E66685D41874}.Release|x86.Build.0 = Release|Any CPU
		{5F5D88A9-47DD-41F2-AE48-6F6F0BA88397}.Debug|Any CPU.ActiveCfg = Debug|Any CPU
		{5F5D88A9-47DD-41F2-AE48-6F6F0BA88397}.Debug|Any CPU.Build.0 = Debug|Any CPU
		{5F5D88A9-47DD-41F2-AE48-6F6F0BA88397}.Debug|x64.ActiveCfg = Debug|Any CPU
		{5F5D88A9-47DD-41F2-AE48-6F6F0BA88397}.Debug|x64.Build.0 = Debug|Any CPU
		{5F5D88A9-47DD-41F2-AE48-6F6F0BA88397}.Debug|x86.ActiveCfg = Debug|Any CPU
		{5F5D88A9-47DD-41F2-AE48-6F6F0BA88397}.Debug|x86.Build.0 = Debug|Any CPU
		{5F5D88A9-47DD-41F2-AE48-6F6F0BA88397}.Release|Any CPU.ActiveCfg = Release|Any CPU
		{5F5D88A9-47DD-41F2-AE48-6F6F0BA88397}.Release|Any CPU.Build.0 = Release|Any CPU
		{5F5D88A9-47DD-41F2-AE48-6F6F0BA88397}.Release|x64.ActiveCfg = Release|Any CPU
		{5F5D88A9-47DD-41F2-AE48-6F6F0BA88397}.Release|x64.Build.0 = Release|Any CPU
		{5F5D88A9-47DD-41F2-AE48-6F6F0BA88397}.Release|x86.ActiveCfg = Release|Any CPU
		{5F5D88A9-47DD-41F2-AE48-6F6F0BA88397}.Release|x86.Build.0 = Release|Any CPU
		{C910C22D-12E6-4189-BC57-903D261B2C9D}.Debug|Any CPU.ActiveCfg = Debug|Any CPU
		{C910C22D-12E6-4189-BC57-903D261B2C9D}.Debug|Any CPU.Build.0 = Debug|Any CPU
		{C910C22D-12E6-4189-BC57-903D261B2C9D}.Debug|x64.ActiveCfg = Debug|Any CPU
		{C910C22D-12E6-4189-BC57-903D261B2C9D}.Debug|x64.Build.0 = Debug|Any CPU
		{C910C22D-12E6-4189-BC57-903D261B2C9D}.Debug|x86.ActiveCfg = Debug|Any CPU
		{C910C22D-12E6-4189-BC57-903D261B2C9D}.Debug|x86.Build.0 = Debug|Any CPU
		{C910C22D-12E6-4189-BC57-903D261B2C9D}.Release|Any CPU.ActiveCfg = Release|Any CPU
		{C910C22D-12E6-4189-BC57-903D261B2C9D}.Release|Any CPU.Build.0 = Release|Any CPU
		{C910C22D-12E6-4189-BC57-903D261B2C9D}.Release|x64.ActiveCfg = Release|Any CPU
		{C910C22D-12E6-4189-BC57-903D261B2C9D}.Release|x64.Build.0 = Release|Any CPU
		{C910C22D-12E6-4189-BC57-903D261B2C9D}.Release|x86.ActiveCfg = Release|Any CPU
		{C910C22D-12E6-4189-BC57-903D261B2C9D}.Release|x86.Build.0 = Release|Any CPU
		{E3145AF0-98AC-4E56-9FC4-96E1F8584A26}.Debug|Any CPU.ActiveCfg = Debug|Any CPU
		{E3145AF0-98AC-4E56-9FC4-96E1F8584A26}.Debug|Any CPU.Build.0 = Debug|Any CPU
		{E3145AF0-98AC-4E56-9FC4-96E1F8584A26}.Debug|x64.ActiveCfg = Debug|Any CPU
		{E3145AF0-98AC-4E56-9FC4-96E1F8584A26}.Debug|x64.Build.0 = Debug|Any CPU
		{E3145AF0-98AC-4E56-9FC4-96E1F8584A26}.Debug|x86.ActiveCfg = Debug|Any CPU
		{E3145AF0-98AC-4E56-9FC4-96E1F8584A26}.Debug|x86.Build.0 = Debug|Any CPU
		{E3145AF0-98AC-4E56-9FC4-96E1F8584A26}.Release|Any CPU.ActiveCfg = Release|Any CPU
		{E3145AF0-98AC-4E56-9FC4-96E1F8584A26}.Release|Any CPU.Build.0 = Release|Any CPU
		{E3145AF0-98AC-4E56-9FC4-96E1F8584A26}.Release|x64.ActiveCfg = Release|Any CPU
		{E3145AF0-98AC-4E56-9FC4-96E1F8584A26}.Release|x64.Build.0 = Release|Any CPU
		{E3145AF0-98AC-4E56-9FC4-96E1F8584A26}.Release|x86.ActiveCfg = Release|Any CPU
		{E3145AF0-98AC-4E56-9FC4-96E1F8584A26}.Release|x86.Build.0 = Release|Any CPU
		{A55D938B-6A11-4F32-AC7C-A7047870F7B2}.Debug|Any CPU.ActiveCfg = Debug|Any CPU
		{A55D938B-6A11-4F32-AC7C-A7047870F7B2}.Debug|Any CPU.Build.0 = Debug|Any CPU
		{A55D938B-6A11-4F32-AC7C-A7047870F7B2}.Debug|x64.ActiveCfg = Debug|Any CPU
		{A55D938B-6A11-4F32-AC7C-A7047870F7B2}.Debug|x64.Build.0 = Debug|Any CPU
		{A55D938B-6A11-4F32-AC7C-A7047870F7B2}.Debug|x86.ActiveCfg = Debug|Any CPU
		{A55D938B-6A11-4F32-AC7C-A7047870F7B2}.Debug|x86.Build.0 = Debug|Any CPU
		{A55D938B-6A11-4F32-AC7C-A7047870F7B2}.Release|Any CPU.ActiveCfg = Release|Any CPU
		{A55D938B-6A11-4F32-AC7C-A7047870F7B2}.Release|Any CPU.Build.0 = Release|Any CPU
		{A55D938B-6A11-4F32-AC7C-A7047870F7B2}.Release|x64.ActiveCfg = Release|Any CPU
		{A55D938B-6A11-4F32-AC7C-A7047870F7B2}.Release|x64.Build.0 = Release|Any CPU
		{A55D938B-6A11-4F32-AC7C-A7047870F7B2}.Release|x86.ActiveCfg = Release|Any CPU
		{A55D938B-6A11-4F32-AC7C-A7047870F7B2}.Release|x86.Build.0 = Release|Any CPU
		{D48F02E3-6E44-4ED4-A9E7-B7F7EF59D6F1}.Debug|Any CPU.ActiveCfg = Debug|Any CPU
		{D48F02E3-6E44-4ED4-A9E7-B7F7EF59D6F1}.Debug|Any CPU.Build.0 = Debug|Any CPU
		{D48F02E3-6E44-4ED4-A9E7-B7F7EF59D6F1}.Debug|x64.ActiveCfg = Debug|Any CPU
		{D48F02E3-6E44-4ED4-A9E7-B7F7EF59D6F1}.Debug|x64.Build.0 = Debug|Any CPU
		{D48F02E3-6E44-4ED4-A9E7-B7F7EF59D6F1}.Debug|x86.ActiveCfg = Debug|Any CPU
		{D48F02E3-6E44-4ED4-A9E7-B7F7EF59D6F1}.Debug|x86.Build.0 = Debug|Any CPU
		{D48F02E3-6E44-4ED4-A9E7-B7F7EF59D6F1}.Release|Any CPU.ActiveCfg = Release|Any CPU
		{D48F02E3-6E44-4ED4-A9E7-B7F7EF59D6F1}.Release|Any CPU.Build.0 = Release|Any CPU
		{D48F02E3-6E44-4ED4-A9E7-B7F7EF59D6F1}.Release|x64.ActiveCfg = Release|Any CPU
		{D48F02E3-6E44-4ED4-A9E7-B7F7EF59D6F1}.Release|x64.Build.0 = Release|Any CPU
		{D48F02E3-6E44-4ED4-A9E7-B7F7EF59D6F1}.Release|x86.ActiveCfg = Release|Any CPU
		{D48F02E3-6E44-4ED4-A9E7-B7F7EF59D6F1}.Release|x86.Build.0 = Release|Any CPU
		{9035E791-B77A-460E-85B3-D5BF3999D1ED}.Debug|Any CPU.ActiveCfg = Debug|Any CPU
		{9035E791-B77A-460E-85B3-D5BF3999D1ED}.Debug|Any CPU.Build.0 = Debug|Any CPU
		{9035E791-B77A-460E-85B3-D5BF3999D1ED}.Debug|x64.ActiveCfg = Debug|Any CPU
		{9035E791-B77A-460E-85B3-D5BF3999D1ED}.Debug|x64.Build.0 = Debug|Any CPU
		{9035E791-B77A-460E-85B3-D5BF3999D1ED}.Debug|x86.ActiveCfg = Debug|Any CPU
		{9035E791-B77A-460E-85B3-D5BF3999D1ED}.Debug|x86.Build.0 = Debug|Any CPU
		{9035E791-B77A-460E-85B3-D5BF3999D1ED}.Release|Any CPU.ActiveCfg = Release|Any CPU
		{9035E791-B77A-460E-85B3-D5BF3999D1ED}.Release|Any CPU.Build.0 = Release|Any CPU
		{9035E791-B77A-460E-85B3-D5BF3999D1ED}.Release|x64.ActiveCfg = Release|Any CPU
		{9035E791-B77A-460E-85B3-D5BF3999D1ED}.Release|x64.Build.0 = Release|Any CPU
		{9035E791-B77A-460E-85B3-D5BF3999D1ED}.Release|x86.ActiveCfg = Release|Any CPU
		{9035E791-B77A-460E-85B3-D5BF3999D1ED}.Release|x86.Build.0 = Release|Any CPU
		{BD1530FC-CDBC-4916-A62E-46C2698400AC}.Debug|Any CPU.ActiveCfg = Debug|Any CPU
		{BD1530FC-CDBC-4916-A62E-46C2698400AC}.Debug|Any CPU.Build.0 = Debug|Any CPU
		{BD1530FC-CDBC-4916-A62E-46C2698400AC}.Debug|x64.ActiveCfg = Debug|Any CPU
		{BD1530FC-CDBC-4916-A62E-46C2698400AC}.Debug|x64.Build.0 = Debug|Any CPU
		{BD1530FC-CDBC-4916-A62E-46C2698400AC}.Debug|x86.ActiveCfg = Debug|Any CPU
		{BD1530FC-CDBC-4916-A62E-46C2698400AC}.Debug|x86.Build.0 = Debug|Any CPU
		{BD1530FC-CDBC-4916-A62E-46C2698400AC}.Release|Any CPU.ActiveCfg = Release|Any CPU
		{BD1530FC-CDBC-4916-A62E-46C2698400AC}.Release|Any CPU.Build.0 = Release|Any CPU
		{BD1530FC-CDBC-4916-A62E-46C2698400AC}.Release|x64.ActiveCfg = Release|Any CPU
		{BD1530FC-CDBC-4916-A62E-46C2698400AC}.Release|x64.Build.0 = Release|Any CPU
		{BD1530FC-CDBC-4916-A62E-46C2698400AC}.Release|x86.ActiveCfg = Release|Any CPU
		{BD1530FC-CDBC-4916-A62E-46C2698400AC}.Release|x86.Build.0 = Release|Any CPU
		{32EF8EC8-F808-4A53-96BB-8A9414962984}.Debug|Any CPU.ActiveCfg = Debug|Any CPU
		{32EF8EC8-F808-4A53-96BB-8A9414962984}.Debug|Any CPU.Build.0 = Debug|Any CPU
		{32EF8EC8-F808-4A53-96BB-8A9414962984}.Debug|x64.ActiveCfg = Debug|Any CPU
		{32EF8EC8-F808-4A53-96BB-8A9414962984}.Debug|x64.Build.0 = Debug|Any CPU
		{32EF8EC8-F808-4A53-96BB-8A9414962984}.Debug|x86.ActiveCfg = Debug|Any CPU
		{32EF8EC8-F808-4A53-96BB-8A9414962984}.Debug|x86.Build.0 = Debug|Any CPU
		{32EF8EC8-F808-4A53-96BB-8A9414962984}.Release|Any CPU.ActiveCfg = Release|Any CPU
		{32EF8EC8-F808-4A53-96BB-8A9414962984}.Release|Any CPU.Build.0 = Release|Any CPU
		{32EF8EC8-F808-4A53-96BB-8A9414962984}.Release|x64.ActiveCfg = Release|Any CPU
		{32EF8EC8-F808-4A53-96BB-8A9414962984}.Release|x64.Build.0 = Release|Any CPU
		{32EF8EC8-F808-4A53-96BB-8A9414962984}.Release|x86.ActiveCfg = Release|Any CPU
		{32EF8EC8-F808-4A53-96BB-8A9414962984}.Release|x86.Build.0 = Release|Any CPU
	EndGlobalSection
	GlobalSection(SolutionProperties) = preSolution
		HideSolutionNode = FALSE
	EndGlobalSection
	GlobalSection(NestedProjects) = preSolution
		{85F909CB-8F14-ECC8-BA9D-713D1771907F} = {827E0CD3-B72D-47B6-A68D-7590B98EB39B}
		{D92F1629-1194-4402-9868-BC8DB73CD12C} = {85F909CB-8F14-ECC8-BA9D-713D1771907F}
		{BD7A73D0-F65B-42C5-A224-034A558B1932} = {85F909CB-8F14-ECC8-BA9D-713D1771907F}
		{F34E43FA-627A-8966-7BCB-0DBE3D5440B1} = {827E0CD3-B72D-47B6-A68D-7590B98EB39B}
		{69C065F6-77FB-499C-B2EE-4B83928DF821} = {F34E43FA-627A-8966-7BCB-0DBE3D5440B1}
		{10F4B2B7-390B-4CC7-861D-2117B27233C6} = {F34E43FA-627A-8966-7BCB-0DBE3D5440B1}
		{7D09A545-F694-4DE0-8167-085D45924B4D} = {F34E43FA-627A-8966-7BCB-0DBE3D5440B1}
		{61F4B32B-9636-40FA-82E6-026523B24E8B} = {F34E43FA-627A-8966-7BCB-0DBE3D5440B1}
		{A0C94347-73E4-1EE9-412B-13A38E3B0A6F} = {827E0CD3-B72D-47B6-A68D-7590B98EB39B}
		{F4D4A820-6B01-495B-AA01-7A94467BD788} = {A0C94347-73E4-1EE9-412B-13A38E3B0A6F}
		{69CE104B-B24E-4553-AF41-69E024F3DCB1} = {A0C94347-73E4-1EE9-412B-13A38E3B0A6F}
		{93B69E75-22FF-4961-8EFD-78FD1A97AF76} = {A0C94347-73E4-1EE9-412B-13A38E3B0A6F}
		{767FEC51-6587-4E8D-A9B3-5290E928A43D} = {A0C94347-73E4-1EE9-412B-13A38E3B0A6F}
		{5C8FFA71-ABED-225F-EBAA-B00A0796978F} = {827E0CD3-B72D-47B6-A68D-7590B98EB39B}
		{71A34F92-1AFA-4A9B-8179-050956AEF964} = {5C8FFA71-ABED-225F-EBAA-B00A0796978F}
		{6EB89F11-D488-48C2-8F37-8285D12DA6E4} = {5C8FFA71-ABED-225F-EBAA-B00A0796978F}
		{B618EC0D-1A04-49D4-B29A-A91C35D7E7AA} = {5C8FFA71-ABED-225F-EBAA-B00A0796978F}
		{D1F22E60-E5F5-488C-B9DD-BA0E6B41707E} = {5C8FFA71-ABED-225F-EBAA-B00A0796978F}
		{16F2D6ED-478B-4AAE-8DD1-FA3FBB7E8377} = {0AB3BF05-4346-4AA6-1389-037BE0695223}
		{FDF206EF-F27E-49E6-ABA3-039E90C9E49E} = {0AB3BF05-4346-4AA6-1389-037BE0695223}
		{88996302-B03A-4438-BF5B-42CC719234D2} = {0AB3BF05-4346-4AA6-1389-037BE0695223}
		{B68D6CE0-AC00-43F9-A7A3-B2E408374C76} = {0AB3BF05-4346-4AA6-1389-037BE0695223}
		{FAD2FE8B-1EBF-4965-B3BA-216F1DFCE7DC} = {0AB3BF05-4346-4AA6-1389-037BE0695223}
		{F4430784-04D8-4874-83C2-E66685D41874} = {0AB3BF05-4346-4AA6-1389-037BE0695223}
		{5F5D88A9-47DD-41F2-AE48-6F6F0BA88397} = {0AB3BF05-4346-4AA6-1389-037BE0695223}
		{C910C22D-12E6-4189-BC57-903D261B2C9D} = {0AB3BF05-4346-4AA6-1389-037BE0695223}
		{E3145AF0-98AC-4E56-9FC4-96E1F8584A26} = {0AB3BF05-4346-4AA6-1389-037BE0695223}
		{A55D938B-6A11-4F32-AC7C-A7047870F7B2} = {0AB3BF05-4346-4AA6-1389-037BE0695223}
		{D48F02E3-6E44-4ED4-A9E7-B7F7EF59D6F1} = {0AB3BF05-4346-4AA6-1389-037BE0695223}
		{9035E791-B77A-460E-85B3-D5BF3999D1ED} = {0AB3BF05-4346-4AA6-1389-037BE0695223}
		{BD1530FC-CDBC-4916-A62E-46C2698400AC} = {0AB3BF05-4346-4AA6-1389-037BE0695223}
		{32EF8EC8-F808-4A53-96BB-8A9414962984} = {0AB3BF05-4346-4AA6-1389-037BE0695223}
	EndGlobalSection
EndGlobal
